// !$*UTF8*$!
{
	archiveVersion = 1;
	classes = {
	};
	objectVersion = 51;
	objects = {

/* Begin PBXBuildFile section */
		3B1660E28C88B07F433A8CEF /* Pods_SignInWithApple_SignInWithAppleUITests.framework in Frameworks */ = {isa = PBXBuildFile; fileRef = 22D618589892CAA30A093CA3 /* Pods_SignInWithApple_SignInWithAppleUITests.framework */; };
		75195695255EE1970089745B /* AppDelegate.swift in Sources */ = {isa = PBXBuildFile; fileRef = 75195694255EE1970089745B /* AppDelegate.swift */; };
		75195697255EE1970089745B /* SceneDelegate.swift in Sources */ = {isa = PBXBuildFile; fileRef = 75195696255EE1970089745B /* SceneDelegate.swift */; };
		7519569E255EE1970089745B /* Assets.xcassets in Resources */ = {isa = PBXBuildFile; fileRef = 7519569D255EE1970089745B /* Assets.xcassets */; };
		751956A1255EE1970089745B /* LaunchScreen.storyboard in Resources */ = {isa = PBXBuildFile; fileRef = 7519569F255EE1970089745B /* LaunchScreen.storyboard */; };
		751956AC255EE1980089745B /* SignInWithAppleTests.swift in Sources */ = {isa = PBXBuildFile; fileRef = 751956AB255EE1980089745B /* SignInWithAppleTests.swift */; };
		751956B7255EE1980089745B /* SignInWithAppleUITests.swift in Sources */ = {isa = PBXBuildFile; fileRef = 751956B6255EE1980089745B /* SignInWithAppleUITests.swift */; };
		753761BC256806CC00111615 /* SignupViewController.swift in Sources */ = {isa = PBXBuildFile; fileRef = 753761BB256806CC00111615 /* SignupViewController.swift */; };
		753761CE25680EDF00111615 /* user.swift in Sources */ = {isa = PBXBuildFile; fileRef = 753761CD25680EDF00111615 /* user.swift */; };
		753761D325680EF200111615 /* userFirebase.swift in Sources */ = {isa = PBXBuildFile; fileRef = 753761D225680EF200111615 /* userFirebase.swift */; };
		753761D825680EFC00111615 /* userService.swift in Sources */ = {isa = PBXBuildFile; fileRef = 753761D725680EFC00111615 /* userService.swift */; };
		753761DD2568115E00111615 /* ListViewController.swift in Sources */ = {isa = PBXBuildFile; fileRef = 753761DC2568115E00111615 /* ListViewController.swift */; };
		75939EE125740DE80016F70F /* TabBar.swift in Sources */ = {isa = PBXBuildFile; fileRef = 75939EE025740DE80016F70F /* TabBar.swift */; };
		75939EE625740E650016F70F /* ProfilVC.swift in Sources */ = {isa = PBXBuildFile; fileRef = 75939EE525740E650016F70F /* ProfilVC.swift */; };
		759B831A25627F2C00FA70F3 /* GoogleService-Info.plist in Resources */ = {isa = PBXBuildFile; fileRef = 759B831925627F2C00FA70F3 /* GoogleService-Info.plist */; };
		E30405742DF822E0EBD995DB /* Pods_SignInWithApple.framework in Frameworks */ = {isa = PBXBuildFile; fileRef = C1A6977EDE1273CDE2855C8C /* Pods_SignInWithApple.framework */; };
		FDFE6AA7F2CD5933FF5D0095 /* Pods_SignInWithAppleTests.framework in Frameworks */ = {isa = PBXBuildFile; fileRef = 1C9A6C6E26A5D19C3C01A8D7 /* Pods_SignInWithAppleTests.framework */; };
/* End PBXBuildFile section */

/* Begin PBXContainerItemProxy section */
		751956A8255EE1980089745B /* PBXContainerItemProxy */ = {
			isa = PBXContainerItemProxy;
			containerPortal = 75195689255EE1970089745B /* Project object */;
			proxyType = 1;
			remoteGlobalIDString = 75195690255EE1970089745B;
			remoteInfo = SignInWithApple;
		};
		751956B3255EE1980089745B /* PBXContainerItemProxy */ = {
			isa = PBXContainerItemProxy;
			containerPortal = 75195689255EE1970089745B /* Project object */;
			proxyType = 1;
			remoteGlobalIDString = 75195690255EE1970089745B;
			remoteInfo = SignInWithApple;
		};
/* End PBXContainerItemProxy section */

/* Begin PBXFileReference section */
		1C9A6C6E26A5D19C3C01A8D7 /* Pods_SignInWithAppleTests.framework */ = {isa = PBXFileReference; explicitFileType = wrapper.framework; includeInIndex = 0; path = Pods_SignInWithAppleTests.framework; sourceTree = BUILT_PRODUCTS_DIR; };
		22D618589892CAA30A093CA3 /* Pods_SignInWithApple_SignInWithAppleUITests.framework */ = {isa = PBXFileReference; explicitFileType = wrapper.framework; includeInIndex = 0; path = Pods_SignInWithApple_SignInWithAppleUITests.framework; sourceTree = BUILT_PRODUCTS_DIR; };
		2B4CE38E49C6C9DB6AF5D1AD /* Pods-SignInWithApple.release.xcconfig */ = {isa = PBXFileReference; includeInIndex = 1; lastKnownFileType = text.xcconfig; name = "Pods-SignInWithApple.release.xcconfig"; path = "Target Support Files/Pods-SignInWithApple/Pods-SignInWithApple.release.xcconfig"; sourceTree = "<group>"; };
		73218C9D6F77B2203FB64C6B /* Pods-SignInWithApple-SignInWithAppleUITests.debug.xcconfig */ = {isa = PBXFileReference; includeInIndex = 1; lastKnownFileType = text.xcconfig; name = "Pods-SignInWithApple-SignInWithAppleUITests.debug.xcconfig"; path = "Target Support Files/Pods-SignInWithApple-SignInWithAppleUITests/Pods-SignInWithApple-SignInWithAppleUITests.debug.xcconfig"; sourceTree = "<group>"; };
		7515F9DD2562850C0019FF32 /* SignInWithApple.entitlements */ = {isa = PBXFileReference; lastKnownFileType = text.plist.entitlements; path = SignInWithApple.entitlements; sourceTree = "<group>"; };
		75195691255EE1970089745B /* SignInWithApple.app */ = {isa = PBXFileReference; explicitFileType = wrapper.application; includeInIndex = 0; path = SignInWithApple.app; sourceTree = BUILT_PRODUCTS_DIR; };
		75195694255EE1970089745B /* AppDelegate.swift */ = {isa = PBXFileReference; lastKnownFileType = sourcecode.swift; path = AppDelegate.swift; sourceTree = "<group>"; };
		75195696255EE1970089745B /* SceneDelegate.swift */ = {isa = PBXFileReference; lastKnownFileType = sourcecode.swift; path = SceneDelegate.swift; sourceTree = "<group>"; };
		7519569D255EE1970089745B /* Assets.xcassets */ = {isa = PBXFileReference; lastKnownFileType = folder.assetcatalog; path = Assets.xcassets; sourceTree = "<group>"; };
		751956A0255EE1970089745B /* Base */ = {isa = PBXFileReference; lastKnownFileType = file.storyboard; name = Base; path = Base.lproj/LaunchScreen.storyboard; sourceTree = "<group>"; };
		751956A2255EE1970089745B /* Info.plist */ = {isa = PBXFileReference; lastKnownFileType = text.plist.xml; path = Info.plist; sourceTree = "<group>"; };
		751956A7255EE1980089745B /* SignInWithAppleTests.xctest */ = {isa = PBXFileReference; explicitFileType = wrapper.cfbundle; includeInIndex = 0; path = SignInWithAppleTests.xctest; sourceTree = BUILT_PRODUCTS_DIR; };
		751956AB255EE1980089745B /* SignInWithAppleTests.swift */ = {isa = PBXFileReference; lastKnownFileType = sourcecode.swift; path = SignInWithAppleTests.swift; sourceTree = "<group>"; };
		751956AD255EE1980089745B /* Info.plist */ = {isa = PBXFileReference; lastKnownFileType = text.plist.xml; path = Info.plist; sourceTree = "<group>"; };
		751956B2255EE1980089745B /* SignInWithAppleUITests.xctest */ = {isa = PBXFileReference; explicitFileType = wrapper.cfbundle; includeInIndex = 0; path = SignInWithAppleUITests.xctest; sourceTree = BUILT_PRODUCTS_DIR; };
		751956B6255EE1980089745B /* SignInWithAppleUITests.swift */ = {isa = PBXFileReference; lastKnownFileType = sourcecode.swift; path = SignInWithAppleUITests.swift; sourceTree = "<group>"; };
		751956B8255EE1980089745B /* Info.plist */ = {isa = PBXFileReference; lastKnownFileType = text.plist.xml; path = Info.plist; sourceTree = "<group>"; };
		753761BB256806CC00111615 /* SignupViewController.swift */ = {isa = PBXFileReference; lastKnownFileType = sourcecode.swift; path = SignupViewController.swift; sourceTree = "<group>"; };
		753761CD25680EDF00111615 /* user.swift */ = {isa = PBXFileReference; lastKnownFileType = sourcecode.swift; path = user.swift; sourceTree = "<group>"; };
		753761D225680EF200111615 /* userFirebase.swift */ = {isa = PBXFileReference; lastKnownFileType = sourcecode.swift; path = userFirebase.swift; sourceTree = "<group>"; };
		753761D725680EFC00111615 /* userService.swift */ = {isa = PBXFileReference; lastKnownFileType = sourcecode.swift; path = userService.swift; sourceTree = "<group>"; };
		753761DC2568115E00111615 /* ListViewController.swift */ = {isa = PBXFileReference; lastKnownFileType = sourcecode.swift; path = ListViewController.swift; sourceTree = "<group>"; };
		75939EE025740DE80016F70F /* TabBar.swift */ = {isa = PBXFileReference; lastKnownFileType = sourcecode.swift; path = TabBar.swift; sourceTree = "<group>"; };
		75939EE525740E650016F70F /* ProfilVC.swift */ = {isa = PBXFileReference; lastKnownFileType = sourcecode.swift; path = ProfilVC.swift; sourceTree = "<group>"; };
		759B831925627F2C00FA70F3 /* GoogleService-Info.plist */ = {isa = PBXFileReference; fileEncoding = 4; lastKnownFileType = text.plist.xml; name = "GoogleService-Info.plist"; path = "../../../Downloads/GoogleService-Info.plist"; sourceTree = "<group>"; };
		AFF3391E962F250778FE0C12 /* Pods-SignInWithAppleTests.release.xcconfig */ = {isa = PBXFileReference; includeInIndex = 1; lastKnownFileType = text.xcconfig; name = "Pods-SignInWithAppleTests.release.xcconfig"; path = "Target Support Files/Pods-SignInWithAppleTests/Pods-SignInWithAppleTests.release.xcconfig"; sourceTree = "<group>"; };
		C1A6977EDE1273CDE2855C8C /* Pods_SignInWithApple.framework */ = {isa = PBXFileReference; explicitFileType = wrapper.framework; includeInIndex = 0; path = Pods_SignInWithApple.framework; sourceTree = BUILT_PRODUCTS_DIR; };
		C560B7F76ACB72B2E7F33066 /* Pods-SignInWithApple-SignInWithAppleUITests.release.xcconfig */ = {isa = PBXFileReference; includeInIndex = 1; lastKnownFileType = text.xcconfig; name = "Pods-SignInWithApple-SignInWithAppleUITests.release.xcconfig"; path = "Target Support Files/Pods-SignInWithApple-SignInWithAppleUITests/Pods-SignInWithApple-SignInWithAppleUITests.release.xcconfig"; sourceTree = "<group>"; };
		D7C606E90772640D5CEF2279 /* Pods-SignInWithAppleTests.debug.xcconfig */ = {isa = PBXFileReference; includeInIndex = 1; lastKnownFileType = text.xcconfig; name = "Pods-SignInWithAppleTests.debug.xcconfig"; path = "Target Support Files/Pods-SignInWithAppleTests/Pods-SignInWithAppleTests.debug.xcconfig"; sourceTree = "<group>"; };
		F17B4EE17999D59417EA0F85 /* Pods-SignInWithApple.debug.xcconfig */ = {isa = PBXFileReference; includeInIndex = 1; lastKnownFileType = text.xcconfig; name = "Pods-SignInWithApple.debug.xcconfig"; path = "Target Support Files/Pods-SignInWithApple/Pods-SignInWithApple.debug.xcconfig"; sourceTree = "<group>"; };
/* End PBXFileReference section */

/* Begin PBXFrameworksBuildPhase section */
		7519568E255EE1970089745B /* Frameworks */ = {
			isa = PBXFrameworksBuildPhase;
			buildActionMask = 2147483647;
			files = (
				E30405742DF822E0EBD995DB /* Pods_SignInWithApple.framework in Frameworks */,
			);
			runOnlyForDeploymentPostprocessing = 0;
		};
		751956A4255EE1980089745B /* Frameworks */ = {
			isa = PBXFrameworksBuildPhase;
			buildActionMask = 2147483647;
			files = (
				FDFE6AA7F2CD5933FF5D0095 /* Pods_SignInWithAppleTests.framework in Frameworks */,
			);
			runOnlyForDeploymentPostprocessing = 0;
		};
		751956AF255EE1980089745B /* Frameworks */ = {
			isa = PBXFrameworksBuildPhase;
			buildActionMask = 2147483647;
			files = (
				3B1660E28C88B07F433A8CEF /* Pods_SignInWithApple_SignInWithAppleUITests.framework in Frameworks */,
			);
			runOnlyForDeploymentPostprocessing = 0;
		};
/* End PBXFrameworksBuildPhase section */

/* Begin PBXGroup section */
		60441CC03D9A9B73613A9FBB /* Pods */ = {
			isa = PBXGroup;
			children = (
				F17B4EE17999D59417EA0F85 /* Pods-SignInWithApple.debug.xcconfig */,
				2B4CE38E49C6C9DB6AF5D1AD /* Pods-SignInWithApple.release.xcconfig */,
				73218C9D6F77B2203FB64C6B /* Pods-SignInWithApple-SignInWithAppleUITests.debug.xcconfig */,
				C560B7F76ACB72B2E7F33066 /* Pods-SignInWithApple-SignInWithAppleUITests.release.xcconfig */,
				D7C606E90772640D5CEF2279 /* Pods-SignInWithAppleTests.debug.xcconfig */,
				AFF3391E962F250778FE0C12 /* Pods-SignInWithAppleTests.release.xcconfig */,
			);
			path = Pods;
			sourceTree = "<group>";
		};
		75195688255EE1970089745B = {
			isa = PBXGroup;
			children = (
				753761C325680EA600111615 /* User */,
				75195693255EE1970089745B /* SignInWithApple */,
				751956AA255EE1980089745B /* SignInWithAppleTests */,
				751956B5255EE1980089745B /* SignInWithAppleUITests */,
				75195692255EE1970089745B /* Products */,
				60441CC03D9A9B73613A9FBB /* Pods */,
				C14815D2FFA74A0657285E9D /* Frameworks */,
			);
			sourceTree = "<group>";
		};
		75195692255EE1970089745B /* Products */ = {
			isa = PBXGroup;
			children = (
				75195691255EE1970089745B /* SignInWithApple.app */,
				751956A7255EE1980089745B /* SignInWithAppleTests.xctest */,
				751956B2255EE1980089745B /* SignInWithAppleUITests.xctest */,
			);
			name = Products;
			sourceTree = "<group>";
		};
		75195693255EE1970089745B /* SignInWithApple */ = {
			isa = PBXGroup;
			children = (
				7515F9DD2562850C0019FF32 /* SignInWithApple.entitlements */,
				759B831925627F2C00FA70F3 /* GoogleService-Info.plist */,
				75195694255EE1970089745B /* AppDelegate.swift */,
				75195696255EE1970089745B /* SceneDelegate.swift */,
				75939EE025740DE80016F70F /* TabBar.swift */,
				75939EE525740E650016F70F /* ProfilVC.swift */,
				753761BB256806CC00111615 /* SignupViewController.swift */,
				753761DC2568115E00111615 /* ListViewController.swift */,
				7519569D255EE1970089745B /* Assets.xcassets */,
				7519569F255EE1970089745B /* LaunchScreen.storyboard */,
				751956A2255EE1970089745B /* Info.plist */,
			);
			path = SignInWithApple;
			sourceTree = "<group>";
		};
		751956AA255EE1980089745B /* SignInWithAppleTests */ = {
			isa = PBXGroup;
			children = (
				751956AB255EE1980089745B /* SignInWithAppleTests.swift */,
				751956AD255EE1980089745B /* Info.plist */,
			);
			path = SignInWithAppleTests;
			sourceTree = "<group>";
		};
		751956B5255EE1980089745B /* SignInWithAppleUITests */ = {
			isa = PBXGroup;
			children = (
				751956B6255EE1980089745B /* SignInWithAppleUITests.swift */,
				751956B8255EE1980089745B /* Info.plist */,
			);
			path = SignInWithAppleUITests;
			sourceTree = "<group>";
		};
		753761C325680EA600111615 /* User */ = {
			isa = PBXGroup;
			children = (
				753761CD25680EDF00111615 /* user.swift */,
				753761D225680EF200111615 /* userFirebase.swift */,
				753761D725680EFC00111615 /* userService.swift */,
			);
			path = User;
			sourceTree = "<group>";
		};
		C14815D2FFA74A0657285E9D /* Frameworks */ = {
			isa = PBXGroup;
			children = (
				C1A6977EDE1273CDE2855C8C /* Pods_SignInWithApple.framework */,
				22D618589892CAA30A093CA3 /* Pods_SignInWithApple_SignInWithAppleUITests.framework */,
				1C9A6C6E26A5D19C3C01A8D7 /* Pods_SignInWithAppleTests.framework */,
			);
			name = Frameworks;
			sourceTree = "<group>";
		};
/* End PBXGroup section */

/* Begin PBXNativeTarget section */
		75195690255EE1970089745B /* SignInWithApple */ = {
			isa = PBXNativeTarget;
			buildConfigurationList = 751956BB255EE1980089745B /* Build configuration list for PBXNativeTarget "SignInWithApple" */;
			buildPhases = (
				00776F4F06C746611F4544C7 /* [CP] Check Pods Manifest.lock */,
				7519568D255EE1970089745B /* Sources */,
				7519568E255EE1970089745B /* Frameworks */,
				7519568F255EE1970089745B /* Resources */,
				425069E330E81017E3452978 /* [CP] Embed Pods Frameworks */,
			);
			buildRules = (
			);
			dependencies = (
			);
			name = SignInWithApple;
			productName = SignInWithApple;
			productReference = 75195691255EE1970089745B /* SignInWithApple.app */;
			productType = "com.apple.product-type.application";
		};
		751956A6255EE1980089745B /* SignInWithAppleTests */ = {
			isa = PBXNativeTarget;
			buildConfigurationList = 751956BE255EE1980089745B /* Build configuration list for PBXNativeTarget "SignInWithAppleTests" */;
			buildPhases = (
				7A753C2B518D9E562E6992A6 /* [CP] Check Pods Manifest.lock */,
				751956A3255EE1980089745B /* Sources */,
				751956A4255EE1980089745B /* Frameworks */,
				751956A5255EE1980089745B /* Resources */,
			);
			buildRules = (
			);
			dependencies = (
				751956A9255EE1980089745B /* PBXTargetDependency */,
			);
			name = SignInWithAppleTests;
			productName = SignInWithAppleTests;
			productReference = 751956A7255EE1980089745B /* SignInWithAppleTests.xctest */;
			productType = "com.apple.product-type.bundle.unit-test";
		};
		751956B1255EE1980089745B /* SignInWithAppleUITests */ = {
			isa = PBXNativeTarget;
			buildConfigurationList = 751956C1255EE1980089745B /* Build configuration list for PBXNativeTarget "SignInWithAppleUITests" */;
			buildPhases = (
				598D218DC706C4A74C1F74DD /* [CP] Check Pods Manifest.lock */,
				751956AE255EE1980089745B /* Sources */,
				751956AF255EE1980089745B /* Frameworks */,
				751956B0255EE1980089745B /* Resources */,
				4D944B36B4DA55DCBE2FB6A3 /* [CP] Embed Pods Frameworks */,
			);
			buildRules = (
			);
			dependencies = (
				751956B4255EE1980089745B /* PBXTargetDependency */,
			);
			name = SignInWithAppleUITests;
			productName = SignInWithAppleUITests;
			productReference = 751956B2255EE1980089745B /* SignInWithAppleUITests.xctest */;
			productType = "com.apple.product-type.bundle.ui-testing";
		};
/* End PBXNativeTarget section */

/* Begin PBXProject section */
		75195689255EE1970089745B /* Project object */ = {
			isa = PBXProject;
			attributes = {
				LastSwiftUpdateCheck = 1200;
				LastUpgradeCheck = 1200;
				TargetAttributes = {
					75195690255EE1970089745B = {
						CreatedOnToolsVersion = 12.0.1;
					};
					751956A6255EE1980089745B = {
						CreatedOnToolsVersion = 12.0.1;
						TestTargetID = 75195690255EE1970089745B;
					};
					751956B1255EE1980089745B = {
						CreatedOnToolsVersion = 12.0.1;
						TestTargetID = 75195690255EE1970089745B;
					};
				};
			};
			buildConfigurationList = 7519568C255EE1970089745B /* Build configuration list for PBXProject "SignInWithApple" */;
			compatibilityVersion = "Xcode 9.3";
			developmentRegion = en;
			hasScannedForEncodings = 0;
			knownRegions = (
				en,
				Base,
			);
			mainGroup = 75195688255EE1970089745B;
			productRefGroup = 75195692255EE1970089745B /* Products */;
			projectDirPath = "";
			projectRoot = "";
			targets = (
				75195690255EE1970089745B /* SignInWithApple */,
				751956A6255EE1980089745B /* SignInWithAppleTests */,
				751956B1255EE1980089745B /* SignInWithAppleUITests */,
			);
		};
/* End PBXProject section */

/* Begin PBXResourcesBuildPhase section */
		7519568F255EE1970089745B /* Resources */ = {
			isa = PBXResourcesBuildPhase;
			buildActionMask = 2147483647;
			files = (
				751956A1255EE1970089745B /* LaunchScreen.storyboard in Resources */,
				759B831A25627F2C00FA70F3 /* GoogleService-Info.plist in Resources */,
				7519569E255EE1970089745B /* Assets.xcassets in Resources */,
			);
			runOnlyForDeploymentPostprocessing = 0;
		};
		751956A5255EE1980089745B /* Resources */ = {
			isa = PBXResourcesBuildPhase;
			buildActionMask = 2147483647;
			files = (
			);
			runOnlyForDeploymentPostprocessing = 0;
		};
		751956B0255EE1980089745B /* Resources */ = {
			isa = PBXResourcesBuildPhase;
			buildActionMask = 2147483647;
			files = (
			);
			runOnlyForDeploymentPostprocessing = 0;
		};
/* End PBXResourcesBuildPhase section */

/* Begin PBXShellScriptBuildPhase section */
		00776F4F06C746611F4544C7 /* [CP] Check Pods Manifest.lock */ = {
			isa = PBXShellScriptBuildPhase;
			buildActionMask = 2147483647;
			files = (
			);
			inputFileListPaths = (
			);
			inputPaths = (
				"${PODS_PODFILE_DIR_PATH}/Podfile.lock",
				"${PODS_ROOT}/Manifest.lock",
			);
			name = "[CP] Check Pods Manifest.lock";
			outputFileListPaths = (
			);
			outputPaths = (
				"$(DERIVED_FILE_DIR)/Pods-SignInWithApple-checkManifestLockResult.txt",
			);
			runOnlyForDeploymentPostprocessing = 0;
			shellPath = /bin/sh;
			shellScript = "diff \"${PODS_PODFILE_DIR_PATH}/Podfile.lock\" \"${PODS_ROOT}/Manifest.lock\" > /dev/null\nif [ $? != 0 ] ; then\n    # print error to STDERR\n    echo \"error: The sandbox is not in sync with the Podfile.lock. Run 'pod install' or update your CocoaPods installation.\" >&2\n    exit 1\nfi\n# This output is used by Xcode 'outputs' to avoid re-running this script phase.\necho \"SUCCESS\" > \"${SCRIPT_OUTPUT_FILE_0}\"\n";
			showEnvVarsInLog = 0;
		};
		425069E330E81017E3452978 /* [CP] Embed Pods Frameworks */ = {
			isa = PBXShellScriptBuildPhase;
			buildActionMask = 2147483647;
			files = (
			);
			inputFileListPaths = (
				"${PODS_ROOT}/Target Support Files/Pods-SignInWithApple/Pods-SignInWithApple-frameworks-${CONFIGURATION}-input-files.xcfilelist",
			);
			name = "[CP] Embed Pods Frameworks";
			outputFileListPaths = (
				"${PODS_ROOT}/Target Support Files/Pods-SignInWithApple/Pods-SignInWithApple-frameworks-${CONFIGURATION}-output-files.xcfilelist",
			);
			runOnlyForDeploymentPostprocessing = 0;
			shellPath = /bin/sh;
			shellScript = "\"${PODS_ROOT}/Target Support Files/Pods-SignInWithApple/Pods-SignInWithApple-frameworks.sh\"\n";
			showEnvVarsInLog = 0;
		};
		4D944B36B4DA55DCBE2FB6A3 /* [CP] Embed Pods Frameworks */ = {
			isa = PBXShellScriptBuildPhase;
			buildActionMask = 2147483647;
			files = (
			);
			inputFileListPaths = (
				"${PODS_ROOT}/Target Support Files/Pods-SignInWithApple-SignInWithAppleUITests/Pods-SignInWithApple-SignInWithAppleUITests-frameworks-${CONFIGURATION}-input-files.xcfilelist",
			);
			name = "[CP] Embed Pods Frameworks";
			outputFileListPaths = (
				"${PODS_ROOT}/Target Support Files/Pods-SignInWithApple-SignInWithAppleUITests/Pods-SignInWithApple-SignInWithAppleUITests-frameworks-${CONFIGURATION}-output-files.xcfilelist",
			);
			runOnlyForDeploymentPostprocessing = 0;
			shellPath = /bin/sh;
			shellScript = "\"${PODS_ROOT}/Target Support Files/Pods-SignInWithApple-SignInWithAppleUITests/Pods-SignInWithApple-SignInWithAppleUITests-frameworks.sh\"\n";
			showEnvVarsInLog = 0;
		};
		598D218DC706C4A74C1F74DD /* [CP] Check Pods Manifest.lock */ = {
			isa = PBXShellScriptBuildPhase;
			buildActionMask = 2147483647;
			files = (
			);
			inputFileListPaths = (
			);
			inputPaths = (
				"${PODS_PODFILE_DIR_PATH}/Podfile.lock",
				"${PODS_ROOT}/Manifest.lock",
			);
			name = "[CP] Check Pods Manifest.lock";
			outputFileListPaths = (
			);
			outputPaths = (
				"$(DERIVED_FILE_DIR)/Pods-SignInWithApple-SignInWithAppleUITests-checkManifestLockResult.txt",
			);
			runOnlyForDeploymentPostprocessing = 0;
			shellPath = /bin/sh;
			shellScript = "diff \"${PODS_PODFILE_DIR_PATH}/Podfile.lock\" \"${PODS_ROOT}/Manifest.lock\" > /dev/null\nif [ $? != 0 ] ; then\n    # print error to STDERR\n    echo \"error: The sandbox is not in sync with the Podfile.lock. Run 'pod install' or update your CocoaPods installation.\" >&2\n    exit 1\nfi\n# This output is used by Xcode 'outputs' to avoid re-running this script phase.\necho \"SUCCESS\" > \"${SCRIPT_OUTPUT_FILE_0}\"\n";
			showEnvVarsInLog = 0;
		};
		7A753C2B518D9E562E6992A6 /* [CP] Check Pods Manifest.lock */ = {
			isa = PBXShellScriptBuildPhase;
			buildActionMask = 2147483647;
			files = (
			);
			inputFileListPaths = (
			);
			inputPaths = (
				"${PODS_PODFILE_DIR_PATH}/Podfile.lock",
				"${PODS_ROOT}/Manifest.lock",
			);
			name = "[CP] Check Pods Manifest.lock";
			outputFileListPaths = (
			);
			outputPaths = (
				"$(DERIVED_FILE_DIR)/Pods-SignInWithAppleTests-checkManifestLockResult.txt",
			);
			runOnlyForDeploymentPostprocessing = 0;
			shellPath = /bin/sh;
			shellScript = "diff \"${PODS_PODFILE_DIR_PATH}/Podfile.lock\" \"${PODS_ROOT}/Manifest.lock\" > /dev/null\nif [ $? != 0 ] ; then\n    # print error to STDERR\n    echo \"error: The sandbox is not in sync with the Podfile.lock. Run 'pod install' or update your CocoaPods installation.\" >&2\n    exit 1\nfi\n# This output is used by Xcode 'outputs' to avoid re-running this script phase.\necho \"SUCCESS\" > \"${SCRIPT_OUTPUT_FILE_0}\"\n";
			showEnvVarsInLog = 0;
		};
/* End PBXShellScriptBuildPhase section */

/* Begin PBXSourcesBuildPhase section */
		7519568D255EE1970089745B /* Sources */ = {
			isa = PBXSourcesBuildPhase;
			buildActionMask = 2147483647;
			files = (
				753761CE25680EDF00111615 /* user.swift in Sources */,
				75939EE625740E650016F70F /* ProfilVC.swift in Sources */,
				753761D825680EFC00111615 /* userService.swift in Sources */,
				753761BC256806CC00111615 /* SignupViewController.swift in Sources */,
				75939EE125740DE80016F70F /* TabBar.swift in Sources */,
				75195695255EE1970089745B /* AppDelegate.swift in Sources */,
				75195697255EE1970089745B /* SceneDelegate.swift in Sources */,
				753761DD2568115E00111615 /* ListViewController.swift in Sources */,
				753761D325680EF200111615 /* userFirebase.swift in Sources */,
			);
			runOnlyForDeploymentPostprocessing = 0;
		};
		751956A3255EE1980089745B /* Sources */ = {
			isa = PBXSourcesBuildPhase;
			buildActionMask = 2147483647;
			files = (
				751956AC255EE1980089745B /* SignInWithAppleTests.swift in Sources */,
			);
			runOnlyForDeploymentPostprocessing = 0;
		};
		751956AE255EE1980089745B /* Sources */ = {
			isa = PBXSourcesBuildPhase;
			buildActionMask = 2147483647;
			files = (
				751956B7255EE1980089745B /* SignInWithAppleUITests.swift in Sources */,
			);
			runOnlyForDeploymentPostprocessing = 0;
		};
/* End PBXSourcesBuildPhase section */

/* Begin PBXTargetDependency section */
		751956A9255EE1980089745B /* PBXTargetDependency */ = {
			isa = PBXTargetDependency;
			target = 75195690255EE1970089745B /* SignInWithApple */;
			targetProxy = 751956A8255EE1980089745B /* PBXContainerItemProxy */;
		};
		751956B4255EE1980089745B /* PBXTargetDependency */ = {
			isa = PBXTargetDependency;
			target = 75195690255EE1970089745B /* SignInWithApple */;
			targetProxy = 751956B3255EE1980089745B /* PBXContainerItemProxy */;
		};
/* End PBXTargetDependency section */

/* Begin PBXVariantGroup section */
		7519569F255EE1970089745B /* LaunchScreen.storyboard */ = {
			isa = PBXVariantGroup;
			children = (
				751956A0255EE1970089745B /* Base */,
			);
			name = LaunchScreen.storyboard;
			sourceTree = "<group>";
		};
/* End PBXVariantGroup section */

/* Begin XCBuildConfiguration section */
		751956B9255EE1980089745B /* Debug */ = {
			isa = XCBuildConfiguration;
			buildSettings = {
				ALWAYS_SEARCH_USER_PATHS = NO;
				CLANG_ANALYZER_NONNULL = YES;
				CLANG_ANALYZER_NUMBER_OBJECT_CONVERSION = YES_AGGRESSIVE;
				CLANG_CXX_LANGUAGE_STANDARD = "gnu++14";
				CLANG_CXX_LIBRARY = "libc++";
				CLANG_ENABLE_MODULES = YES;
				CLANG_ENABLE_OBJC_ARC = YES;
				CLANG_ENABLE_OBJC_WEAK = YES;
				CLANG_WARN_BLOCK_CAPTURE_AUTORELEASING = YES;
				CLANG_WARN_BOOL_CONVERSION = YES;
				CLANG_WARN_COMMA = YES;
				CLANG_WARN_CONSTANT_CONVERSION = YES;
				CLANG_WARN_DEPRECATED_OBJC_IMPLEMENTATIONS = YES;
				CLANG_WARN_DIRECT_OBJC_ISA_USAGE = YES_ERROR;
				CLANG_WARN_DOCUMENTATION_COMMENTS = YES;
				CLANG_WARN_EMPTY_BODY = YES;
				CLANG_WARN_ENUM_CONVERSION = YES;
				CLANG_WARN_INFINITE_RECURSION = YES;
				CLANG_WARN_INT_CONVERSION = YES;
				CLANG_WARN_NON_LITERAL_NULL_CONVERSION = YES;
				CLANG_WARN_OBJC_IMPLICIT_RETAIN_SELF = YES;
				CLANG_WARN_OBJC_LITERAL_CONVERSION = YES;
				CLANG_WARN_OBJC_ROOT_CLASS = YES_ERROR;
				CLANG_WARN_QUOTED_INCLUDE_IN_FRAMEWORK_HEADER = YES;
				CLANG_WARN_RANGE_LOOP_ANALYSIS = YES;
				CLANG_WARN_STRICT_PROTOTYPES = YES;
				CLANG_WARN_SUSPICIOUS_MOVE = YES;
				CLANG_WARN_UNGUARDED_AVAILABILITY = YES_AGGRESSIVE;
				CLANG_WARN_UNREACHABLE_CODE = YES;
				CLANG_WARN__DUPLICATE_METHOD_MATCH = YES;
				COPY_PHASE_STRIP = NO;
				DEBUG_INFORMATION_FORMAT = dwarf;
				ENABLE_STRICT_OBJC_MSGSEND = YES;
				ENABLE_TESTABILITY = YES;
				GCC_C_LANGUAGE_STANDARD = gnu11;
				GCC_DYNAMIC_NO_PIC = NO;
				GCC_NO_COMMON_BLOCKS = YES;
				GCC_OPTIMIZATION_LEVEL = 0;
				GCC_PREPROCESSOR_DEFINITIONS = (
					"DEBUG=1",
					"$(inherited)",
				);
				GCC_WARN_64_TO_32_BIT_CONVERSION = YES;
				GCC_WARN_ABOUT_RETURN_TYPE = YES_ERROR;
				GCC_WARN_UNDECLARED_SELECTOR = YES;
				GCC_WARN_UNINITIALIZED_AUTOS = YES_AGGRESSIVE;
				GCC_WARN_UNUSED_FUNCTION = YES;
				GCC_WARN_UNUSED_VARIABLE = YES;
				IPHONEOS_DEPLOYMENT_TARGET = 14.0;
				MTL_ENABLE_DEBUG_INFO = INCLUDE_SOURCE;
				MTL_FAST_MATH = YES;
				ONLY_ACTIVE_ARCH = YES;
				SDKROOT = iphoneos;
				SWIFT_ACTIVE_COMPILATION_CONDITIONS = DEBUG;
				SWIFT_OPTIMIZATION_LEVEL = "-Onone";
			};
			name = Debug;
		};
		751956BA255EE1980089745B /* Release */ = {
			isa = XCBuildConfiguration;
			buildSettings = {
				ALWAYS_SEARCH_USER_PATHS = NO;
				CLANG_ANALYZER_NONNULL = YES;
				CLANG_ANALYZER_NUMBER_OBJECT_CONVERSION = YES_AGGRESSIVE;
				CLANG_CXX_LANGUAGE_STANDARD = "gnu++14";
				CLANG_CXX_LIBRARY = "libc++";
				CLANG_ENABLE_MODULES = YES;
				CLANG_ENABLE_OBJC_ARC = YES;
				CLANG_ENABLE_OBJC_WEAK = YES;
				CLANG_WARN_BLOCK_CAPTURE_AUTORELEASING = YES;
				CLANG_WARN_BOOL_CONVERSION = YES;
				CLANG_WARN_COMMA = YES;
				CLANG_WARN_CONSTANT_CONVERSION = YES;
				CLANG_WARN_DEPRECATED_OBJC_IMPLEMENTATIONS = YES;
				CLANG_WARN_DIRECT_OBJC_ISA_USAGE = YES_ERROR;
				CLANG_WARN_DOCUMENTATION_COMMENTS = YES;
				CLANG_WARN_EMPTY_BODY = YES;
				CLANG_WARN_ENUM_CONVERSION = YES;
				CLANG_WARN_INFINITE_RECURSION = YES;
				CLANG_WARN_INT_CONVERSION = YES;
				CLANG_WARN_NON_LITERAL_NULL_CONVERSION = YES;
				CLANG_WARN_OBJC_IMPLICIT_RETAIN_SELF = YES;
				CLANG_WARN_OBJC_LITERAL_CONVERSION = YES;
				CLANG_WARN_OBJC_ROOT_CLASS = YES_ERROR;
				CLANG_WARN_QUOTED_INCLUDE_IN_FRAMEWORK_HEADER = YES;
				CLANG_WARN_RANGE_LOOP_ANALYSIS = YES;
				CLANG_WARN_STRICT_PROTOTYPES = YES;
				CLANG_WARN_SUSPICIOUS_MOVE = YES;
				CLANG_WARN_UNGUARDED_AVAILABILITY = YES_AGGRESSIVE;
				CLANG_WARN_UNREACHABLE_CODE = YES;
				CLANG_WARN__DUPLICATE_METHOD_MATCH = YES;
				COPY_PHASE_STRIP = NO;
				DEBUG_INFORMATION_FORMAT = "dwarf-with-dsym";
				ENABLE_NS_ASSERTIONS = NO;
				ENABLE_STRICT_OBJC_MSGSEND = YES;
				GCC_C_LANGUAGE_STANDARD = gnu11;
				GCC_NO_COMMON_BLOCKS = YES;
				GCC_WARN_64_TO_32_BIT_CONVERSION = YES;
				GCC_WARN_ABOUT_RETURN_TYPE = YES_ERROR;
				GCC_WARN_UNDECLARED_SELECTOR = YES;
				GCC_WARN_UNINITIALIZED_AUTOS = YES_AGGRESSIVE;
				GCC_WARN_UNUSED_FUNCTION = YES;
				GCC_WARN_UNUSED_VARIABLE = YES;
				IPHONEOS_DEPLOYMENT_TARGET = 14.0;
				MTL_ENABLE_DEBUG_INFO = NO;
				MTL_FAST_MATH = YES;
				SDKROOT = iphoneos;
				SWIFT_COMPILATION_MODE = wholemodule;
				SWIFT_OPTIMIZATION_LEVEL = "-O";
				VALIDATE_PRODUCT = YES;
			};
			name = Release;
		};
		751956BC255EE1980089745B /* Debug */ = {
			isa = XCBuildConfiguration;
			baseConfigurationReference = F17B4EE17999D59417EA0F85 /* Pods-SignInWithApple.debug.xcconfig */;
			buildSettings = {
				ASSETCATALOG_COMPILER_APPICON_NAME = AppIcon;
				ASSETCATALOG_COMPILER_GLOBAL_ACCENT_COLOR_NAME = AccentColor;
				CODE_SIGN_ENTITLEMENTS = SignInWithApple/SignInWithApple.entitlements;
				CODE_SIGN_STYLE = Automatic;
				DEVELOPMENT_TEAM = GNP5RY8L8R;
				INFOPLIST_FILE = SignInWithApple/Info.plist;
				IPHONEOS_DEPLOYMENT_TARGET = 14.0;
				LD_RUNPATH_SEARCH_PATHS = (
					"$(inherited)",
					"@executable_path/Frameworks",
				);
				PRODUCT_BUNDLE_IDENTIFIER = com.iosdeisgnandcode.SignInWithApple;
				PRODUCT_NAME = "$(TARGET_NAME)";
				SWIFT_VERSION = 5.0;
				TARGETED_DEVICE_FAMILY = "1,2";
			};
			name = Debug;
		};
		751956BD255EE1980089745B /* Release */ = {
			isa = XCBuildConfiguration;
			baseConfigurationReference = 2B4CE38E49C6C9DB6AF5D1AD /* Pods-SignInWithApple.release.xcconfig */;
			buildSettings = {
				ASSETCATALOG_COMPILER_APPICON_NAME = AppIcon;
				ASSETCATALOG_COMPILER_GLOBAL_ACCENT_COLOR_NAME = AccentColor;
				CODE_SIGN_ENTITLEMENTS = SignInWithApple/SignInWithApple.entitlements;
				CODE_SIGN_STYLE = Automatic;
				DEVELOPMENT_TEAM = GNP5RY8L8R;
				INFOPLIST_FILE = SignInWithApple/Info.plist;
				IPHONEOS_DEPLOYMENT_TARGET = 14.0;
				LD_RUNPATH_SEARCH_PATHS = (
					"$(inherited)",
					"@executable_path/Frameworks",
				);
				PRODUCT_BUNDLE_IDENTIFIER = com.iosdeisgnandcode.SignInWithApple;
				PRODUCT_NAME = "$(TARGET_NAME)";
				SWIFT_VERSION = 5.0;
				TARGETED_DEVICE_FAMILY = "1,2";
			};
			name = Release;
		};
		751956BF255EE1980089745B /* Debug */ = {
			isa = XCBuildConfiguration;
			baseConfigurationReference = D7C606E90772640D5CEF2279 /* Pods-SignInWithAppleTests.debug.xcconfig */;
			buildSettings = {
				ALWAYS_EMBED_SWIFT_STANDARD_LIBRARIES = YES;
				BUNDLE_LOADER = "$(TEST_HOST)";
				CODE_SIGN_STYLE = Automatic;
				DEVELOPMENT_TEAM = GNP5RY8L8R;
				INFOPLIST_FILE = SignInWithAppleTests/Info.plist;
				IPHONEOS_DEPLOYMENT_TARGET = 14.0;
				LD_RUNPATH_SEARCH_PATHS = (
					"$(inherited)",
					"@executable_path/Frameworks",
					"@loader_path/Frameworks",
				);
				PRODUCT_BUNDLE_IDENTIFIER = com.iosdeisgnandcode.SignInWithAppleTests;
				PRODUCT_NAME = "$(TARGET_NAME)";
				SWIFT_VERSION = 5.0;
				TARGETED_DEVICE_FAMILY = "1,2";
				TEST_HOST = "$(BUILT_PRODUCTS_DIR)/SignInWithApple.app/SignInWithApple";
			};
			name = Debug;
		};
		751956C0255EE1980089745B /* Release */ = {
			isa = XCBuildConfiguration;
			baseConfigurationReference = AFF3391E962F250778FE0C12 /* Pods-SignInWithAppleTests.release.xcconfig */;
			buildSettings = {
				ALWAYS_EMBED_SWIFT_STANDARD_LIBRARIES = YES;
				BUNDLE_LOADER = "$(TEST_HOST)";
				CODE_SIGN_STYLE = Automatic;
				DEVELOPMENT_TEAM = GNP5RY8L8R;
				INFOPLIST_FILE = SignInWithAppleTests/Info.plist;
				IPHONEOS_DEPLOYMENT_TARGET = 14.0;
				LD_RUNPATH_SEARCH_PATHS = (
					"$(inherited)",
					"@executable_path/Frameworks",
					"@loader_path/Frameworks",
				);
				PRODUCT_BUNDLE_IDENTIFIER = com.iosdeisgnandcode.SignInWithAppleTests;
				PRODUCT_NAME = "$(TARGET_NAME)";
				SWIFT_VERSION = 5.0;
				TARGETED_DEVICE_FAMILY = "1,2";
				TEST_HOST = "$(BUILT_PRODUCTS_DIR)/SignInWithApple.app/SignInWithApple";
			};
			name = Release;
		};
		751956C2255EE1980089745B /* Debug */ = {
			isa = XCBuildConfiguration;
			baseConfigurationReference = 73218C9D6F77B2203FB64C6B /* Pods-SignInWithApple-SignInWithAppleUITests.debug.xcconfig */;
			buildSettings = {
				ALWAYS_EMBED_SWIFT_STANDARD_LIBRARIES = YES;
				CODE_SIGN_STYLE = Automatic;
				DEVELOPMENT_TEAM = GNP5RY8L8R;
				INFOPLIST_FILE = SignInWithAppleUITests/Info.plist;
				LD_RUNPATH_SEARCH_PATHS = (
					"$(inherited)",
					"@executable_path/Frameworks",
					"@loader_path/Frameworks",
				);
				PRODUCT_BUNDLE_IDENTIFIER = com.iosdeisgnandcode.SignInWithAppleUITests;
				PRODUCT_NAME = "$(TARGET_NAME)";
				SWIFT_VERSION = 5.0;
				TARGETED_DEVICE_FAMILY = "1,2";
				TEST_TARGET_NAME = SignInWithApple;
			};
			name = Debug;
		};
		751956C3255EE1980089745B /* Release */ = {
			isa = XCBuildConfiguration;
			baseConfigurationReference = C560B7F76ACB72B2E7F33066 /* Pods-SignInWithApple-SignInWithAppleUITests.release.xcconfig */;
			buildSettings = {
				ALWAYS_EMBED_SWIFT_STANDARD_LIBRARIES = YES;
				CODE_SIGN_STYLE = Automatic;
				DEVELOPMENT_TEAM = GNP5RY8L8R;
				INFOPLIST_FILE = SignInWithAppleUITests/Info.plist;
				LD_RUNPATH_SEARCH_PATHS = (
					"$(inherited)",
					"@executable_path/Frameworks",
					"@loader_path/Frameworks",
				);
				PRODUCT_BUNDLE_IDENTIFIER = com.iosdeisgnandcode.SignInWithAppleUITests;
				PRODUCT_NAME = "$(TARGET_NAME)";
				SWIFT_VERSION = 5.0;
				TARGETED_DEVICE_FAMILY = "1,2";
				TEST_TARGET_NAME = SignInWithApple;
			};
			name = Release;
		};
/* End XCBuildConfiguration section */

/* Begin XCConfigurationList section */
		7519568C255EE1970089745B /* Build configuration list for PBXProject "SignInWithApple" */ = {
			isa = XCConfigurationList;
			buildConfigurations = (
				751956B9255EE1980089745B /* Debug */,
				751956BA255EE1980089745B /* Release */,
			);
			defaultConfigurationIsVisible = 0;
			defaultConfigurationName = Release;
		};
		751956BB255EE1980089745B /* Build configuration list for PBXNativeTarget "SignInWithApple" */ = {
			isa = XCConfigurationList;
			buildConfigurations = (
				751956BC255EE1980089745B /* Debug */,
				751956BD255EE1980089745B /* Release */,
			);
			defaultConfigurationIsVisible = 0;
			defaultConfigurationName = Release;
		};
		751956BE255EE1980089745B /* Build configuration list for PBXNativeTarget "SignInWithAppleTests" */ = {
			isa = XCConfigurationList;
			buildConfigurations = (
				751956BF255EE1980089745B /* Debug */,
				751956C0255EE1980089745B /* Release */,
			);
			defaultConfigurationIsVisible = 0;
			defaultConfigurationName = Release;
		};
		751956C1255EE1980089745B /* Build configuration list for PBXNativeTarget "SignInWithAppleUITests" */ = {
			isa = XCConfigurationList;
			buildConfigurations = (
				751956C2255EE1980089745B /* Debug */,
				751956C3255EE1980089745B /* Release */,
			);
			defaultConfigurationIsVisible = 0;
			defaultConfigurationName = Release;
		};
/* End XCConfigurationList section */
	};
	rootObject = 75195689255EE1970089745B /* Project object */;
}
